// !$*UTF8*$!
{
	archiveVersion = 1;
	classes = {
	};
	objectVersion = 45;
	objects = {

/* Begin PBXBuildFile section */
		253A07021255109A00976E89 /* NSString+TWTAdditions.h in Headers */ = {isa = PBXBuildFile; fileRef = 253A06EF1255109900976E89 /* NSString+TWTAdditions.h */; settings = {ATTRIBUTES = (Public, ); }; };
		253A07031255109A00976E89 /* NSString+TWTAdditions.m in Sources */ = {isa = PBXBuildFile; fileRef = 253A06F01255109900976E89 /* NSString+TWTAdditions.m */; };
		253A07041255109A00976E89 /* TTListDataSource+TWTAdditions.h in Headers */ = {isa = PBXBuildFile; fileRef = 253A06F11255109A00976E89 /* TTListDataSource+TWTAdditions.h */; settings = {ATTRIBUTES = (Public, ); }; };
		253A07051255109A00976E89 /* TTListDataSource+TWTAdditions.m in Sources */ = {isa = PBXBuildFile; fileRef = 253A06F21255109A00976E89 /* TTListDataSource+TWTAdditions.m */; };
		253A07061255109A00976E89 /* TTSectionedDataSource+TWTAdditions.h in Headers */ = {isa = PBXBuildFile; fileRef = 253A06F31255109A00976E89 /* TTSectionedDataSource+TWTAdditions.h */; settings = {ATTRIBUTES = (Public, ); }; };
		253A07071255109A00976E89 /* TTSectionedDataSource+TWTAdditions.m in Sources */ = {isa = PBXBuildFile; fileRef = 253A06F41255109A00976E89 /* TTSectionedDataSource+TWTAdditions.m */; };
		253A07081255109A00976E89 /* TWTAlertViewDelegate.h in Headers */ = {isa = PBXBuildFile; fileRef = 253A06F51255109A00976E89 /* TWTAlertViewDelegate.h */; settings = {ATTRIBUTES = (Public, ); }; };
		253A07091255109A00976E89 /* TWTAlertViewDelegate.m in Sources */ = {isa = PBXBuildFile; fileRef = 253A06F61255109A00976E89 /* TWTAlertViewDelegate.m */; };
		253A070A1255109A00976E89 /* TWTBundledAssetsURLCache.h in Headers */ = {isa = PBXBuildFile; fileRef = 253A06F71255109A00976E89 /* TWTBundledAssetsURLCache.h */; settings = {ATTRIBUTES = (Public, ); }; };
		253A070B1255109A00976E89 /* TWTBundledAssetsURLCache.m in Sources */ = {isa = PBXBuildFile; fileRef = 253A06F81255109A00976E89 /* TWTBundledAssetsURLCache.m */; };
		253A070C1255109A00976E89 /* TWTCommon_Prefix.pch in Headers */ = {isa = PBXBuildFile; fileRef = 253A06F91255109A00976E89 /* TWTCommon_Prefix.pch */; settings = {ATTRIBUTES = (); }; };
		253A070D1255109A00976E89 /* TWTDatePickerControl.h in Headers */ = {isa = PBXBuildFile; fileRef = 253A06FA1255109A00976E89 /* TWTDatePickerControl.h */; settings = {ATTRIBUTES = (Public, ); }; };
		253A070E1255109A00976E89 /* TWTDatePickerControl.m in Sources */ = {isa = PBXBuildFile; fileRef = 253A06FB1255109A00976E89 /* TWTDatePickerControl.m */; };
		253A070F1255109A00976E89 /* TWTPickerControl.h in Headers */ = {isa = PBXBuildFile; fileRef = 253A06FC1255109A00976E89 /* TWTPickerControl.h */; settings = {ATTRIBUTES = (Public, ); }; };
		253A07101255109A00976E89 /* TWTPickerControl.m in Sources */ = {isa = PBXBuildFile; fileRef = 253A06FD1255109A00976E89 /* TWTPickerControl.m */; };
		253A07111255109A00976E89 /* TWTPickerDataSource.h in Headers */ = {isa = PBXBuildFile; fileRef = 253A06FE1255109A00976E89 /* TWTPickerDataSource.h */; settings = {ATTRIBUTES = (Public, ); }; };
		253A07121255109A00976E89 /* TWTPickerDataSource.m in Sources */ = {isa = PBXBuildFile; fileRef = 253A06FF1255109A00976E89 /* TWTPickerDataSource.m */; };
		253A07131255109A00976E89 /* UIView+TWTAdditions.h in Headers */ = {isa = PBXBuildFile; fileRef = 253A07001255109A00976E89 /* UIView+TWTAdditions.h */; settings = {ATTRIBUTES = (Public, ); }; };
		253A07141255109A00976E89 /* UIView+TWTAdditions.m in Sources */ = {isa = PBXBuildFile; fileRef = 253A07011255109A00976E89 /* UIView+TWTAdditions.m */; };
		3F05FEF512A95E5B00925C09 /* TWTGroupedPickerControl.h in Headers */ = {isa = PBXBuildFile; fileRef = 3F05FEF312A95E5B00925C09 /* TWTGroupedPickerControl.h */; settings = {ATTRIBUTES = (Public, ); }; };
		3F05FEF612A95E5B00925C09 /* TWTGroupedPickerControl.m in Sources */ = {isa = PBXBuildFile; fileRef = 3F05FEF412A95E5B00925C09 /* TWTGroupedPickerControl.m */; };
		AACBBE4A0F95108600F1A2B1 /* Foundation.framework in Frameworks */ = {isa = PBXBuildFile; fileRef = AACBBE490F95108600F1A2B1 /* Foundation.framework */; };
		DB340D05126DE67500598154 /* TWTSwitch.h in Headers */ = {isa = PBXBuildFile; fileRef = DB340D03126DE67500598154 /* TWTSwitch.h */; settings = {ATTRIBUTES = (Public, ); }; };
		DB340D06126DE67500598154 /* TWTSwitch.m in Sources */ = {isa = PBXBuildFile; fileRef = DB340D04126DE67500598154 /* TWTSwitch.m */; };
		DB750A81126791770061662C /* TWTActionSheetDelegate.m in Sources */ = {isa = PBXBuildFile; fileRef = DB750A7F126791770061662C /* TWTActionSheetDelegate.m */; };
		DBAF65E91267965A0043E289 /* TWTActionSheetDelegate.h in Headers */ = {isa = PBXBuildFile; fileRef = DB750A7E126791770061662C /* TWTActionSheetDelegate.h */; settings = {ATTRIBUTES = (Public, ); }; };
/* End PBXBuildFile section */

/* Begin PBXFileReference section */
		253A06EF1255109900976E89 /* NSString+TWTAdditions.h */ = {isa = PBXFileReference; fileEncoding = 4; lastKnownFileType = sourcecode.c.h; name = "NSString+TWTAdditions.h"; path = "Code/NSString+TWTAdditions.h"; sourceTree = "<group>"; };
		253A06F01255109900976E89 /* NSString+TWTAdditions.m */ = {isa = PBXFileReference; fileEncoding = 4; lastKnownFileType = sourcecode.c.objc; name = "NSString+TWTAdditions.m"; path = "Code/NSString+TWTAdditions.m"; sourceTree = "<group>"; };
		253A06F11255109A00976E89 /* TTListDataSource+TWTAdditions.h */ = {isa = PBXFileReference; fileEncoding = 4; lastKnownFileType = sourcecode.c.h; name = "TTListDataSource+TWTAdditions.h"; path = "Code/TTListDataSource+TWTAdditions.h"; sourceTree = "<group>"; };
		253A06F21255109A00976E89 /* TTListDataSource+TWTAdditions.m */ = {isa = PBXFileReference; fileEncoding = 4; lastKnownFileType = sourcecode.c.objc; name = "TTListDataSource+TWTAdditions.m"; path = "Code/TTListDataSource+TWTAdditions.m"; sourceTree = "<group>"; };
		253A06F31255109A00976E89 /* TTSectionedDataSource+TWTAdditions.h */ = {isa = PBXFileReference; fileEncoding = 4; lastKnownFileType = sourcecode.c.h; name = "TTSectionedDataSource+TWTAdditions.h"; path = "Code/TTSectionedDataSource+TWTAdditions.h"; sourceTree = "<group>"; };
		253A06F41255109A00976E89 /* TTSectionedDataSource+TWTAdditions.m */ = {isa = PBXFileReference; fileEncoding = 4; lastKnownFileType = sourcecode.c.objc; name = "TTSectionedDataSource+TWTAdditions.m"; path = "Code/TTSectionedDataSource+TWTAdditions.m"; sourceTree = "<group>"; };
		253A06F51255109A00976E89 /* TWTAlertViewDelegate.h */ = {isa = PBXFileReference; fileEncoding = 4; lastKnownFileType = sourcecode.c.h; name = TWTAlertViewDelegate.h; path = Code/TWTAlertViewDelegate.h; sourceTree = "<group>"; };
		253A06F61255109A00976E89 /* TWTAlertViewDelegate.m */ = {isa = PBXFileReference; fileEncoding = 4; lastKnownFileType = sourcecode.c.objc; name = TWTAlertViewDelegate.m; path = Code/TWTAlertViewDelegate.m; sourceTree = "<group>"; };
		253A06F71255109A00976E89 /* TWTBundledAssetsURLCache.h */ = {isa = PBXFileReference; fileEncoding = 4; lastKnownFileType = sourcecode.c.h; name = TWTBundledAssetsURLCache.h; path = Code/TWTBundledAssetsURLCache.h; sourceTree = "<group>"; };
		253A06F81255109A00976E89 /* TWTBundledAssetsURLCache.m */ = {isa = PBXFileReference; fileEncoding = 4; lastKnownFileType = sourcecode.c.objc; name = TWTBundledAssetsURLCache.m; path = Code/TWTBundledAssetsURLCache.m; sourceTree = "<group>"; };
		253A06F91255109A00976E89 /* TWTCommon_Prefix.pch */ = {isa = PBXFileReference; fileEncoding = 4; lastKnownFileType = sourcecode.c.h; name = TWTCommon_Prefix.pch; path = Code/TWTCommon_Prefix.pch; sourceTree = "<group>"; };
		253A06FA1255109A00976E89 /* TWTDatePickerControl.h */ = {isa = PBXFileReference; fileEncoding = 4; lastKnownFileType = sourcecode.c.h; name = TWTDatePickerControl.h; path = Code/TWTDatePickerControl.h; sourceTree = "<group>"; };
		253A06FB1255109A00976E89 /* TWTDatePickerControl.m */ = {isa = PBXFileReference; fileEncoding = 4; lastKnownFileType = sourcecode.c.objc; name = TWTDatePickerControl.m; path = Code/TWTDatePickerControl.m; sourceTree = "<group>"; };
		253A06FC1255109A00976E89 /* TWTPickerControl.h */ = {isa = PBXFileReference; fileEncoding = 4; lastKnownFileType = sourcecode.c.h; name = TWTPickerControl.h; path = Code/TWTPickerControl.h; sourceTree = "<group>"; };
		253A06FD1255109A00976E89 /* TWTPickerControl.m */ = {isa = PBXFileReference; fileEncoding = 4; lastKnownFileType = sourcecode.c.objc; name = TWTPickerControl.m; path = Code/TWTPickerControl.m; sourceTree = "<group>"; };
		253A06FE1255109A00976E89 /* TWTPickerDataSource.h */ = {isa = PBXFileReference; fileEncoding = 4; lastKnownFileType = sourcecode.c.h; name = TWTPickerDataSource.h; path = Code/TWTPickerDataSource.h; sourceTree = "<group>"; };
		253A06FF1255109A00976E89 /* TWTPickerDataSource.m */ = {isa = PBXFileReference; fileEncoding = 4; lastKnownFileType = sourcecode.c.objc; name = TWTPickerDataSource.m; path = Code/TWTPickerDataSource.m; sourceTree = "<group>"; };
		253A07001255109A00976E89 /* UIView+TWTAdditions.h */ = {isa = PBXFileReference; fileEncoding = 4; lastKnownFileType = sourcecode.c.h; name = "UIView+TWTAdditions.h"; path = "Code/UIView+TWTAdditions.h"; sourceTree = "<group>"; };
		253A07011255109A00976E89 /* UIView+TWTAdditions.m */ = {isa = PBXFileReference; fileEncoding = 4; lastKnownFileType = sourcecode.c.objc; name = "UIView+TWTAdditions.m"; path = "Code/UIView+TWTAdditions.m"; sourceTree = "<group>"; };
		3F05FEF312A95E5B00925C09 /* TWTGroupedPickerControl.h */ = {isa = PBXFileReference; fileEncoding = 4; lastKnownFileType = sourcecode.c.h; path = TWTGroupedPickerControl.h; sourceTree = "<group>"; };
		3F05FEF412A95E5B00925C09 /* TWTGroupedPickerControl.m */ = {isa = PBXFileReference; fileEncoding = 4; lastKnownFileType = sourcecode.c.objc; path = TWTGroupedPickerControl.m; sourceTree = "<group>"; };
		AACBBE490F95108600F1A2B1 /* Foundation.framework */ = {isa = PBXFileReference; lastKnownFileType = wrapper.framework; name = Foundation.framework; path = System/Library/Frameworks/Foundation.framework; sourceTree = SDKROOT; };
		D2AAC07E0554694100DB518D /* libTWTCommon.a */ = {isa = PBXFileReference; explicitFileType = archive.ar; includeInIndex = 0; path = libTWTCommon.a; sourceTree = BUILT_PRODUCTS_DIR; };
		DB340D03126DE67500598154 /* TWTSwitch.h */ = {isa = PBXFileReference; fileEncoding = 4; lastKnownFileType = sourcecode.c.h; name = TWTSwitch.h; path = Code/TWTSwitch.h; sourceTree = "<group>"; };
		DB340D04126DE67500598154 /* TWTSwitch.m */ = {isa = PBXFileReference; fileEncoding = 4; lastKnownFileType = sourcecode.c.objc; name = TWTSwitch.m; path = Code/TWTSwitch.m; sourceTree = "<group>"; };
		DB750A7E126791770061662C /* TWTActionSheetDelegate.h */ = {isa = PBXFileReference; fileEncoding = 4; lastKnownFileType = sourcecode.c.h; name = TWTActionSheetDelegate.h; path = Code/TWTActionSheetDelegate.h; sourceTree = "<group>"; };
		DB750A7F126791770061662C /* TWTActionSheetDelegate.m */ = {isa = PBXFileReference; fileEncoding = 4; lastKnownFileType = sourcecode.c.objc; name = TWTActionSheetDelegate.m; path = Code/TWTActionSheetDelegate.m; sourceTree = "<group>"; };
/* End PBXFileReference section */

/* Begin PBXFrameworksBuildPhase section */
		D2AAC07C0554694100DB518D /* Frameworks */ = {
			isa = PBXFrameworksBuildPhase;
			buildActionMask = 2147483647;
			files = (
				AACBBE4A0F95108600F1A2B1 /* Foundation.framework in Frameworks */,
			);
			runOnlyForDeploymentPostprocessing = 0;
		};
/* End PBXFrameworksBuildPhase section */

/* Begin PBXGroup section */
		034768DFFF38A50411DB9C8B /* Products */ = {
			isa = PBXGroup;
			children = (
				D2AAC07E0554694100DB518D /* libTWTCommon.a */,
			);
			name = Products;
			sourceTree = "<group>";
		};
		0867D691FE84028FC02AAC07 /* TWTCommon */ = {
			isa = PBXGroup;
			children = (
				08FB77AEFE84172EC02AAC07 /* Code */,
				0867D69AFE84028FC02AAC07 /* Frameworks */,
				034768DFFF38A50411DB9C8B /* Products */,
			);
			name = TWTCommon;
			sourceTree = "<group>";
		};
		0867D69AFE84028FC02AAC07 /* Frameworks */ = {
			isa = PBXGroup;
			children = (
				AACBBE490F95108600F1A2B1 /* Foundation.framework */,
			);
			name = Frameworks;
			sourceTree = "<group>";
		};
		08FB77AEFE84172EC02AAC07 /* Code */ = {
			isa = PBXGroup;
			children = (
				DB340D03126DE67500598154 /* TWTSwitch.h */,
				DB340D04126DE67500598154 /* TWTSwitch.m */,
				253A06EF1255109900976E89 /* NSString+TWTAdditions.h */,
				253A06F01255109900976E89 /* NSString+TWTAdditions.m */,
				253A06F11255109A00976E89 /* TTListDataSource+TWTAdditions.h */,
				253A06F21255109A00976E89 /* TTListDataSource+TWTAdditions.m */,
				253A06F31255109A00976E89 /* TTSectionedDataSource+TWTAdditions.h */,
				253A06F41255109A00976E89 /* TTSectionedDataSource+TWTAdditions.m */,
				253A06F51255109A00976E89 /* TWTAlertViewDelegate.h */,
				253A06F61255109A00976E89 /* TWTAlertViewDelegate.m */,
				253A06F71255109A00976E89 /* TWTBundledAssetsURLCache.h */,
				253A06F81255109A00976E89 /* TWTBundledAssetsURLCache.m */,
				253A06F91255109A00976E89 /* TWTCommon_Prefix.pch */,
				253A06FA1255109A00976E89 /* TWTDatePickerControl.h */,
				253A06FB1255109A00976E89 /* TWTDatePickerControl.m */,
				253A06FC1255109A00976E89 /* TWTPickerControl.h */,
				253A06FD1255109A00976E89 /* TWTPickerControl.m */,
				253A06FE1255109A00976E89 /* TWTPickerDataSource.h */,
				253A06FF1255109A00976E89 /* TWTPickerDataSource.m */,
				253A07001255109A00976E89 /* UIView+TWTAdditions.h */,
				253A07011255109A00976E89 /* UIView+TWTAdditions.m */,
				DB750A7E126791770061662C /* TWTActionSheetDelegate.h */,
				DB750A7F126791770061662C /* TWTActionSheetDelegate.m */,
				3F05FEF312A95E5B00925C09 /* TWTGroupedPickerControl.h */,
				3F05FEF412A95E5B00925C09 /* TWTGroupedPickerControl.m */,
			);
			name = Code;
			sourceTree = "<group>";
		};
/* End PBXGroup section */

/* Begin PBXHeadersBuildPhase section */
		D2AAC07A0554694100DB518D /* Headers */ = {
			isa = PBXHeadersBuildPhase;
			buildActionMask = 2147483647;
			files = (
				253A07021255109A00976E89 /* NSString+TWTAdditions.h in Headers */,
				253A07041255109A00976E89 /* TTListDataSource+TWTAdditions.h in Headers */,
				253A07061255109A00976E89 /* TTSectionedDataSource+TWTAdditions.h in Headers */,
				253A07081255109A00976E89 /* TWTAlertViewDelegate.h in Headers */,
				253A070A1255109A00976E89 /* TWTBundledAssetsURLCache.h in Headers */,
				253A070C1255109A00976E89 /* TWTCommon_Prefix.pch in Headers */,
				253A070D1255109A00976E89 /* TWTDatePickerControl.h in Headers */,
				253A070F1255109A00976E89 /* TWTPickerControl.h in Headers */,
				253A07111255109A00976E89 /* TWTPickerDataSource.h in Headers */,
				253A07131255109A00976E89 /* UIView+TWTAdditions.h in Headers */,
				DBAF65E91267965A0043E289 /* TWTActionSheetDelegate.h in Headers */,
				DB340D05126DE67500598154 /* TWTSwitch.h in Headers */,
				3F05FEF512A95E5B00925C09 /* TWTGroupedPickerControl.h in Headers */,
			);
			runOnlyForDeploymentPostprocessing = 0;
		};
/* End PBXHeadersBuildPhase section */

/* Begin PBXNativeTarget section */
		D2AAC07D0554694100DB518D /* TWTCommon */ = {
			isa = PBXNativeTarget;
			buildConfigurationList = 1DEB921E08733DC00010E9CD /* Build configuration list for PBXNativeTarget "TWTCommon" */;
			buildPhases = (
				D2AAC07A0554694100DB518D /* Headers */,
				257FFF531270C63900424BC0 /* Protect Copied Headers */,
				D2AAC07B0554694100DB518D /* Sources */,
				D2AAC07C0554694100DB518D /* Frameworks */,
			);
			buildRules = (
			);
			dependencies = (
			);
			name = TWTCommon;
			productName = TWTCommon;
			productReference = D2AAC07E0554694100DB518D /* libTWTCommon.a */;
			productType = "com.apple.product-type.library.static";
		};
/* End PBXNativeTarget section */

/* Begin PBXProject section */
		0867D690FE84028FC02AAC07 /* Project object */ = {
			isa = PBXProject;
			attributes = {
				ORGANIZATIONNAME = "Two Toasters";
			};
			buildConfigurationList = 1DEB922208733DC00010E9CD /* Build configuration list for PBXProject "TWTCommon" */;
			compatibilityVersion = "Xcode 3.1";
			developmentRegion = English;
			hasScannedForEncodings = 1;
			knownRegions = (
				English,
				Japanese,
				French,
				German,
			);
			mainGroup = 0867D691FE84028FC02AAC07 /* TWTCommon */;
			productRefGroup = 034768DFFF38A50411DB9C8B /* Products */;
			projectDirPath = "";
			projectRoot = "";
			targets = (
				D2AAC07D0554694100DB518D /* TWTCommon */,
			);
		};
/* End PBXProject section */

/* Begin PBXShellScriptBuildPhase section */
		257FFF531270C63900424BC0 /* Protect Copied Headers */ = {
			isa = PBXShellScriptBuildPhase;
			buildActionMask = 2147483647;
			files = (
			);
			inputPaths = (
			);
			name = "Protect Copied Headers";
			outputPaths = (
			);
			runOnlyForDeploymentPostprocessing = 0;
			shellPath = /bin/sh;
			shellScript = "chmod -w \"${TARGET_BUILD_DIR}/${PUBLIC_HEADERS_FOLDER_PATH}\"/*.h";
		};
/* End PBXShellScriptBuildPhase section */

/* Begin PBXSourcesBuildPhase section */
		D2AAC07B0554694100DB518D /* Sources */ = {
			isa = PBXSourcesBuildPhase;
			buildActionMask = 2147483647;
			files = (
				253A07031255109A00976E89 /* NSString+TWTAdditions.m in Sources */,
				253A07051255109A00976E89 /* TTListDataSource+TWTAdditions.m in Sources */,
				253A07071255109A00976E89 /* TTSectionedDataSource+TWTAdditions.m in Sources */,
				253A07091255109A00976E89 /* TWTAlertViewDelegate.m in Sources */,
				253A070B1255109A00976E89 /* TWTBundledAssetsURLCache.m in Sources */,
				253A070E1255109A00976E89 /* TWTDatePickerControl.m in Sources */,
				253A07101255109A00976E89 /* TWTPickerControl.m in Sources */,
				253A07121255109A00976E89 /* TWTPickerDataSource.m in Sources */,
				253A07141255109A00976E89 /* UIView+TWTAdditions.m in Sources */,
				DB750A81126791770061662C /* TWTActionSheetDelegate.m in Sources */,
				DB340D06126DE67500598154 /* TWTSwitch.m in Sources */,
				3F05FEF612A95E5B00925C09 /* TWTGroupedPickerControl.m in Sources */,
			);
			runOnlyForDeploymentPostprocessing = 0;
		};
/* End PBXSourcesBuildPhase section */

/* Begin XCBuildConfiguration section */
		1DEB921F08733DC00010E9CD /* Debug */ = {
			isa = XCBuildConfiguration;
			buildSettings = {
				ALWAYS_SEARCH_USER_PATHS = NO;
				ARCHS = "$(ARCHS_STANDARD_32_BIT)";
				BUILD_STYLE = Debug;
				COPY_PHASE_STRIP = NO;
				GCC_DYNAMIC_NO_PIC = NO;
				GCC_ENABLE_FIX_AND_CONTINUE = YES;
				GCC_MODEL_TUNING = G5;
				GCC_OPTIMIZATION_LEVEL = 0;
				GCC_PRECOMPILE_PREFIX_HEADER = YES;
				GCC_PREFIX_HEADER = Code/TWTCommon_Prefix.pch;
				HEADER_SEARCH_PATHS = ../three20/Build/Products/three20/;
				INSTALL_PATH = "";
				PRODUCT_NAME = TWTCommon;
				PUBLIC_HEADERS_FOLDER_PATH = TWTCommon;
			};
			name = Debug;
		};
		1DEB922008733DC00010E9CD /* Release */ = {
			isa = XCBuildConfiguration;
			buildSettings = {
				ALWAYS_SEARCH_USER_PATHS = NO;
				ARCHS = "$(ARCHS_STANDARD_32_BIT)";
				BUILD_STYLE = Release;
				GCC_MODEL_TUNING = G5;
				GCC_PRECOMPILE_PREFIX_HEADER = YES;
				GCC_PREFIX_HEADER = Code/TWTCommon_Prefix.pch;
				HEADER_SEARCH_PATHS = ../three20/Build/Products/three20/;
				INSTALL_PATH = "";
				PRODUCT_NAME = TWTCommon;
				PUBLIC_HEADERS_FOLDER_PATH = TWTCommon;
			};
			name = Release;
		};
		1DEB922308733DC00010E9CD /* Debug */ = {
			isa = XCBuildConfiguration;
			buildSettings = {
				ARCHS = "$(ARCHS_STANDARD_32_BIT)";
				BUILD_STYLE = Debug;
				GCC_C_LANGUAGE_STANDARD = c99;
				GCC_OPTIMIZATION_LEVEL = 0;
				GCC_WARN_ABOUT_RETURN_TYPE = YES;
				GCC_WARN_UNUSED_VARIABLE = YES;
				OTHER_LDFLAGS = "-ObjC";
				PREBINDING = NO;
				SDKROOT = iphoneos;
			};
			name = Debug;
		};
		1DEB922408733DC00010E9CD /* Release */ = {
			isa = XCBuildConfiguration;
			buildSettings = {
				ARCHS = "$(ARCHS_STANDARD_32_BIT)";
				BUILD_STYLE = Release;
				GCC_C_LANGUAGE_STANDARD = c99;
				GCC_WARN_ABOUT_RETURN_TYPE = YES;
				GCC_WARN_UNUSED_VARIABLE = YES;
				OTHER_LDFLAGS = "-ObjC";
				PREBINDING = NO;
				SDKROOT = iphoneos;
			};
			name = Release;
		};
/* End XCBuildConfiguration section */

/* Begin XCConfigurationList section */
		1DEB921E08733DC00010E9CD /* Build configuration list for PBXNativeTarget "TWTCommon" */ = {
			isa = XCConfigurationList;
			buildConfigurations = (
				1DEB921F08733DC00010E9CD /* Debug */,
				1DEB922008733DC00010E9CD /* Release */,
			);
			defaultConfigurationIsVisible = 0;
			defaultConfigurationName = Release;
		};
		1DEB922208733DC00010E9CD /* Build configuration list for PBXProject "TWTCommon" */ = {
			isa = XCConfigurationList;
			buildConfigurations = (
				1DEB922308733DC00010E9CD /* Debug */,
				1DEB922408733DC00010E9CD /* Release */,
			);
			defaultConfigurationIsVisible = 0;
			defaultConfigurationName = Release;
		};
/* End XCConfigurationList section */
	};
	rootObject = 0867D690FE84028FC02AAC07 /* Project object */;
}
